
Microsoft Visual Studio Solution File, Format Version 12.00
# Visual Studio Version 17
VisualStudioVersion = 17.2.32526.322
MinimumVisualStudioVersion = 10.0.40219.1
Project("{FAE04EC0-301F-11D3-BF4B-00C04F79EFBC}") = "TestPearsonWeb", "TestPearsonWeb\TestPearsonWeb.csproj", "{96497AFF-549B-44B0-9734-2AC191E98A69}"
EndProject
Global
	GlobalSection(SolutionConfigurationPlatforms) = preSolution
		Debug|Any CPU = Debug|Any CPU
		Release|Any CPU = Release|Any CPU
	EndGlobalSection
	GlobalSection(ProjectConfigurationPlatforms) = postSolution
		{96497AFF-549B-44B0-9734-2AC191E98A69}.Debug|Any CPU.ActiveCfg = Debug|Any CPU
		{96497AFF-549B-44B0-9734-2AC191E98A69}.Debug|Any CPU.Build.0 = Debug|Any CPU
		{96497AFF-549B-44B0-9734-2AC191E98A69}.Release|Any CPU.ActiveCfg = Release|Any CPU
		{96497AFF-549B-44B0-9734-2AC191E98A69}.Release|Any CPU.Build.0 = Release|Any CPU
	EndGlobalSection
	GlobalSection(SolutionProperties) = preSolution
		HideSolutionNode = FALSE
	EndGlobalSection
	GlobalSection(ExtensibilityGlobals) = postSolution
		SolutionGuid = {DD3ED4B2-EFDA-468B-A191-5A7C057685AC}
	EndGlobalSection
EndGlobal
